
Microsoft Visual Studio Solution File, Format Version 12.00
# Visual Studio Version 16
VisualStudioVersion = 16.0.29118.114
MinimumVisualStudioVersion = 10.0.40219.1
Project("{9A19103F-16F7-4668-BE54-9A1E7A4F7556}") = "ZenHub", "src\ZenHub.csproj", "{3C8F258C-1B94-44FC-A8D7-BD156600B9D1}"
EndProject
Global
	GlobalSection(SolutionConfigurationPlatforms) = preSolution
		Debug|Any CPU = Debug|Any CPU
		Release|Any CPU = Release|Any CPU
	EndGlobalSection
	GlobalSection(ProjectConfigurationPlatforms) = postSolution
		{3C8F258C-1B94-44FC-A8D7-BD156600B9D1}.Debug|Any CPU.ActiveCfg = Debug|Any CPU
		{3C8F258C-1B94-44FC-A8D7-BD156600B9D1}.Debug|Any CPU.Build.0 = Debug|Any CPU
		{3C8F258C-1B94-44FC-A8D7-BD156600B9D1}.Release|Any CPU.ActiveCfg = Release|Any CPU
		{3C8F258C-1B94-44FC-A8D7-BD156600B9D1}.Release|Any CPU.Build.0 = Release|Any CPU
	EndGlobalSection
	GlobalSection(SolutionProperties) = preSolution
		HideSolutionNode = FALSE
	EndGlobalSection
	GlobalSection(ExtensibilityGlobals) = postSolution
		SolutionGuid = {7368FF0E-68FC-4B4E-B32C-F16E682DA1F1}
	EndGlobalSection
EndGlobal
